
Microsoft Visual Studio Solution File, Format Version 12.00
# Visual Studio Version 17
VisualStudioVersion = 17.4.33110.190
MinimumVisualStudioVersion = 10.0.40219.1
Project("{FAE04EC0-301F-11D3-BF4B-00C04F79EFBC}") = "RewardsPls", "RewardsPls\RewardsPls.csproj", "{718F6D21-E8CF-4F8C-84FD-D9CE2EBE38FD}"
EndProject
Global
	GlobalSection(SolutionConfigurationPlatforms) = preSolution
		Debug|Any CPU = Debug|Any CPU
		Release|Any CPU = Release|Any CPU
	EndGlobalSection
	GlobalSection(ProjectConfigurationPlatforms) = postSolution
		{718F6D21-E8CF-4F8C-84FD-D9CE2EBE38FD}.Debug|Any CPU.ActiveCfg = Debug|Any CPU
		{718F6D21-E8CF-4F8C-84FD-D9CE2EBE38FD}.Debug|Any CPU.Build.0 = Debug|Any CPU
		{718F6D21-E8CF-4F8C-84FD-D9CE2EBE38FD}.Release|Any CPU.ActiveCfg = Release|Any CPU
		{718F6D21-E8CF-4F8C-84FD-D9CE2EBE38FD}.Release|Any CPU.Build.0 = Release|Any CPU
	EndGlobalSection
	GlobalSection(SolutionProperties) = preSolution
		HideSolutionNode = FALSE
	EndGlobalSection
	GlobalSection(ExtensibilityGlobals) = postSolution
		SolutionGuid = {A823BE33-5C70-4554-BD46-9CF70F7B8C42}
	EndGlobalSection
EndGlobal
